
Microsoft Visual Studio Solution File, Format Version 12.00
# Visual Studio 15
VisualStudioVersion = 15.0.28307.136
MinimumVisualStudioVersion = 10.0.40219.1
Project("{6EC3EE1D-3C4E-46DD-8F32-0CC8E7565705}") = "MobShop", "MobShop.fsproj", "{AA932798-D7B5-4AF0-A38A-9857587066C3}"
EndProject
Global
	GlobalSection(SolutionConfigurationPlatforms) = preSolution
		Debug|Any CPU = Debug|Any CPU
		Release|Any CPU = Release|Any CPU
	EndGlobalSection
	GlobalSection(ProjectConfigurationPlatforms) = postSolution
		{AA932798-D7B5-4AF0-A38A-9857587066C3}.Debug|Any CPU.ActiveCfg = Debug|Any CPU
		{AA932798-D7B5-4AF0-A38A-9857587066C3}.Debug|Any CPU.Build.0 = Debug|Any CPU
		{AA932798-D7B5-4AF0-A38A-9857587066C3}.Release|Any CPU.ActiveCfg = Release|Any CPU
		{AA932798-D7B5-4AF0-A38A-9857587066C3}.Release|Any CPU.Build.0 = Release|Any CPU
	EndGlobalSection
	GlobalSection(SolutionProperties) = preSolution
		HideSolutionNode = FALSE
	EndGlobalSection
	GlobalSection(ExtensibilityGlobals) = postSolution
		SolutionGuid = {BCA7D8E8-D1F0-4BE2-898E-C98A99FF0126}
	EndGlobalSection
EndGlobal
